<?xml version="1.0" encoding="utf-8"?>
<Project ToolsVersion="4.0" xmlns="http://schemas.microsoft.com/developer/msbuild/2003">
  <ItemGroup>
    <Filter Include="Source Files">
      <UniqueIdentifier>{230c1a0b-9354-49cc-aaef-05e0d6b3582b}</UniqueIdentifier>
      <Extensions>cpp;c;cxx;rc;def;r;odl;idl;hpj;bat</Extensions>
    </Filter>
    <Filter Include="Header Files">
      <UniqueIdentifier>{e49e9994-a1c0-40ed-90de-d15833d6a0df}</UniqueIdentifier>
      <Extensions>h;hpp;hxx;hm;inl</Extensions>
    </Filter>
    <Filter Include="Resource Files">
      <UniqueIdentifier>{1375acd1-9d3a-41d5-a316-2d63cc1d5c90}</UniqueIdentifier>
      <Extensions>ico;cur;bmp;dlg;rc2;rct;bin;rgs;gif;jpg;jpeg;jpe</Extensions>
    </Filter>
  </ItemGroup>
  <ItemGroup>
    <ClCompile Include="afxasert.cpp">
      <Filter>Source Files</Filter>
    </ClCompile>
    <ClCompile Include="Cuid.cpp">
      <Filter>Source Files</Filter>
    </ClCompile>
    <ClCompile Include="DesignRules.cpp">
      <Filter>Source Files</Filter>
    </ClCompile>
    <ClCompile Include="DisplayList.cpp">
      <Filter>Source Files</Filter>
    </ClCompile>
    <ClCompile Include="DlgAddArea.cpp">
      <Filter>Source Files</Filter>
    </ClCompile>
    <ClCompile Include="DlgAddMaskCutout.cpp">
      <Filter>Source Files</Filter>
    </ClCompile>
    <ClCompile Include="DlgAddNet.cpp">
      <Filter>Source Files</Filter>
    </ClCompile>
    <ClCompile Include="DlgAddPart.cpp">
      <Filter>Source Files</Filter>
    </ClCompile>
    <ClCompile Include="DlgAddPin.cpp">
      <Filter>Source Files</Filter>
    </ClCompile>
    <ClCompile Include="DlgAddPoly.cpp">
      <Filter>Source Files</Filter>
    </ClCompile>
    <ClCompile Include="DlgAddText.cpp">
      <Filter>Source Files</Filter>
    </ClCompile>
    <ClCompile Include="DlgAddWidth.cpp">
      <Filter>Source Files</Filter>
    </ClCompile>
    <ClCompile Include="DlgAreaLayer.cpp">
      <Filter>Source Files</Filter>
    </ClCompile>
    <ClCompile Include="DlgAssignNet.cpp">
      <Filter>Source Files</Filter>
    </ClCompile>
    <ClCompile Include="DlgCAD.cpp">
      <Filter>Source Files</Filter>
    </ClCompile>
    <ClCompile Include="DlgCentroid.cpp">
      <Filter>Source Files</Filter>
    </ClCompile>
    <ClCompile Include="DlgChangeLayer.cpp">
      <Filter>Source Files</Filter>
    </ClCompile>
    <ClCompile Include="DlgChooseNetName.cpp">
      <Filter>Source Files</Filter>
    </ClCompile>
    <ClCompile Include="DlgDRC.cpp">
      <Filter>Source Files</Filter>
    </ClCompile>
    <ClCompile Include="DlgDupFootprintName.cpp">
      <Filter>Source Files</Filter>
    </ClCompile>
    <ClCompile Include="DlgEditBoardCorner.cpp">
      <Filter>Source Files</Filter>
    </ClCompile>
    <ClCompile Include="DlgEditNet.cpp">
      <Filter>Source Files</Filter>
    </ClCompile>
    <ClCompile Include="DlgExportDsn.cpp">
      <Filter>Source Files</Filter>
    </ClCompile>
    <ClCompile Include="DlgFindPart.cpp">
      <Filter>Source Files</Filter>
    </ClCompile>
    <ClCompile Include="DlgFpRefText.cpp">
      <Filter>Source Files</Filter>
    </ClCompile>
    <ClCompile Include="DlgFpText.cpp">
      <Filter>Source Files</Filter>
    </ClCompile>
    <ClCompile Include="DlgGlue.cpp">
      <Filter>Source Files</Filter>
    </ClCompile>
    <ClCompile Include="DlgGroupPaste.cpp">
      <Filter>Source Files</Filter>
    </ClCompile>
    <ClCompile Include="DlgHole.cpp">
      <Filter>Source Files</Filter>
    </ClCompile>
    <ClCompile Include="DlgImportFootprint.cpp">
      <Filter>Source Files</Filter>
    </ClCompile>
    <ClCompile Include="DlgImportOptions.cpp">
      <Filter>Source Files</Filter>
    </ClCompile>
    <ClCompile Include="DlgImportSes.cpp">
      <Filter>Source Files</Filter>
    </ClCompile>
    <ClCompile Include="DlgIndexing.cpp">
      <Filter>Source Files</Filter>
    </ClCompile>
    <ClCompile Include="DlgIvex.cpp">
      <Filter>Source Files</Filter>
    </ClCompile>
    <ClCompile Include="DlgLayers.cpp">
      <Filter>Source Files</Filter>
    </ClCompile>
    <ClCompile Include="DlgLibraryManager.cpp">
      <Filter>Source Files</Filter>
    </ClCompile>
    <ClCompile Include="DlgLog.cpp">
      <Filter>Source Files</Filter>
    </ClCompile>
    <ClCompile Include="DlgMoveOrigin.cpp">
      <Filter>Source Files</Filter>
    </ClCompile>
    <ClCompile Include="DlgMyMessageBox.cpp">
      <Filter>Source Files</Filter>
    </ClCompile>
    <ClCompile Include="DlgMyMessageBox2.cpp">
      <Filter>Source Files</Filter>
    </ClCompile>
    <ClCompile Include="DlgNetCombine.cpp">
      <Filter>Source Files</Filter>
    </ClCompile>
    <ClCompile Include="DlgNetlist.cpp">
      <Filter>Source Files</Filter>
    </ClCompile>
    <ClCompile Include="DlgPartlist.cpp">
      <Filter>Source Files</Filter>
    </ClCompile>
    <ClCompile Include="DlgProjectOptions.cpp">
      <Filter>Source Files</Filter>
    </ClCompile>
    <ClCompile Include="DlgReassignLayers.cpp">
      <Filter>Source Files</Filter>
    </ClCompile>
    <ClCompile Include="DlgRefText.cpp">
      <Filter>Source Files</Filter>
    </ClCompile>
    <ClCompile Include="DlgReport.cpp">
      <Filter>Source Files</Filter>
    </ClCompile>
    <ClCompile Include="DlgSaveFootprint.cpp">
      <Filter>Source Files</Filter>
    </ClCompile>
    <ClCompile Include="DlgSaveLib.cpp">
      <Filter>Source Files</Filter>
    </ClCompile>
    <ClCompile Include="DlgSetAreaHatch.cpp">
      <Filter>Source Files</Filter>
    </ClCompile>
    <ClCompile Include="DlgSetSegmentWidth.cpp">
      <Filter>Source Files</Filter>
    </ClCompile>
    <ClCompile Include="DlgSetTraceWidths.cpp">
      <Filter>Source Files</Filter>
    </ClCompile>
    <ClCompile Include="DlgShortcuts.cpp">
      <Filter>Source Files</Filter>
    </ClCompile>
    <ClCompile Include="DlgSideStyle.cpp">
      <Filter>Source Files</Filter>
    </ClCompile>
    <ClCompile Include="DlgSlot.cpp">
      <Filter>Source Files</Filter>
    </ClCompile>
    <ClCompile Include="DlgValueText.cpp">
      <Filter>Source Files</Filter>
    </ClCompile>
    <ClCompile Include="DlgVia.cpp">
      <Filter>Source Files</Filter>
    </ClCompile>
    <ClCompile Include="DlgWizQuad.cpp">
      <Filter>Source Files</Filter>
    </ClCompile>
    <ClCompile Include="file_io.cpp">
      <Filter>Source Files</Filter>
    </ClCompile>
    <ClCompile Include="FootprintLib.cpp">
      <Filter>Source Files</Filter>
    </ClCompile>
    <ClCompile Include="FootprintView.cpp">
      <Filter>Source Files</Filter>
    </ClCompile>
    <ClCompile Include="FreePcb.cpp">
      <Filter>Source Files</Filter>
    </ClCompile>
    <ClCompile Include="FreePcbDoc.cpp">
      <Filter>Source Files</Filter>
    </ClCompile>
    <ClCompile Include="FreePcbView.cpp">
      <Filter>Source Files</Filter>
    </ClCompile>
    <ClCompile Include="Gerber.cpp">
      <Filter>Source Files</Filter>
    </ClCompile>
    <ClCompile Include="gpc_232.cpp">
      <Filter>Source Files</Filter>
    </ClCompile>
    <ClCompile Include="ivex_mod_file.cpp">
      <Filter>Source Files</Filter>
    </ClCompile>
    <ClCompile Include="MainFrm.cpp">
      <Filter>Source Files</Filter>
    </ClCompile>
    <ClCompile Include="MyToolBar.cpp">
      <Filter>Source Files</Filter>
    </ClCompile>
    <ClCompile Include="Net_iter.cpp">
      <Filter>Source Files</Filter>
    </ClCompile>
    <ClCompile Include="NetList.cpp">
      <Filter>Source Files</Filter>
    </ClCompile>
    <ClCompile Include="PartList.cpp">
      <Filter>Source Files</Filter>
    </ClCompile>
    <ClCompile Include="PathDialog.cpp">
      <Filter>Source Files</Filter>
    </ClCompile>
    <ClCompile Include="php_polygon.cpp">
      <Filter>Source Files</Filter>
    </ClCompile>
    <ClCompile Include="php_polygon_vertex.cpp">
      <Filter>Source Files</Filter>
    </ClCompile>
    <ClCompile Include="QAFDebug.cpp">
      <Filter>Source Files</Filter>
    </ClCompile>
    <ClCompile Include="RTcall.cpp">
      <Filter>Source Files</Filter>
    </ClCompile>
    <ClCompile Include="Shape.cpp">
      <Filter>Source Files</Filter>
    </ClCompile>
    <ClCompile Include="smcharacter.cpp">
      <Filter>Source Files</Filter>
    </ClCompile>
    <ClCompile Include="smfontutil.cpp">
      <Filter>Source Files</Filter>
    </ClCompile>
    <ClCompile Include="StdAfx.cpp">
      <Filter>Source Files</Filter>
    </ClCompile>
    <ClCompile Include="TextList.cpp">
      <Filter>Source Files</Filter>
    </ClCompile>
    <ClCompile Include="UndoList.cpp">
      <Filter>Source Files</Filter>
    </ClCompile>
    <ClCompile Include="utility.cpp">
      <Filter>Source Files</Filter>
    </ClCompile>
    <ClCompile Include="DlgAddMerge.cpp">
      <Filter>Source Files</Filter>
    </ClCompile>
    <ClCompile Include="PolyLine.cpp">
      <Filter>Source Files</Filter>
    </ClCompile>
  </ItemGroup>
  <ItemGroup>
    <ClInclude Include="DlgAddPoly.h">
      <Filter>Source Files</Filter>
    </ClInclude>
    <ClInclude Include="Cuid.h">
      <Filter>Header Files</Filter>
    </ClInclude>
    <ClInclude Include="DdlgNetCombine.h">
      <Filter>Header Files</Filter>
    </ClInclude>
    <ClInclude Include="DesignRules.h">
      <Filter>Header Files</Filter>
    </ClInclude>
    <ClInclude Include="DisplayList.h">
      <Filter>Header Files</Filter>
    </ClInclude>
    <ClInclude Include="DlgAddArea.h">
      <Filter>Header Files</Filter>
    </ClInclude>
    <ClInclude Include="DlgAddMaskCutout.h">
      <Filter>Header Files</Filter>
    </ClInclude>
    <ClInclude Include="DlgAddNet.h">
      <Filter>Header Files</Filter>
    </ClInclude>
    <ClInclude Include="DlgAddPart.h">
      <Filter>Header Files</Filter>
    </ClInclude>
    <ClInclude Include="DlgAddPin.h">
      <Filter>Header Files</Filter>
    </ClInclude>
    <ClInclude Include="DlgAddText.h">
      <Filter>Header Files</Filter>
    </ClInclude>
    <ClInclude Include="DlgAddWidth.h">
      <Filter>Header Files</Filter>
    </ClInclude>
    <ClInclude Include="DlgAreaLayer.h">
      <Filter>Header Files</Filter>
    </ClInclude>
    <ClInclude Include="DlgAssignNet.h">
      <Filter>Header Files</Filter>
    </ClInclude>
    <ClInclude Include="DlgCAD.h">
      <Filter>Header Files</Filter>
    </ClInclude>
    <ClInclude Include="DlgCentroid.h">
      <Filter>Header Files</Filter>
    </ClInclude>
    <ClInclude Include="DlgChangeLayer.h">
      <Filter>Header Files</Filter>
    </ClInclude>
    <ClInclude Include="DlgChooseNetName.h">
      <Filter>Header Files</Filter>
    </ClInclude>
    <ClInclude Include="DlgDRC.h">
      <Filter>Header Files</Filter>
    </ClInclude>
    <ClInclude Include="DlgDupFootprintName.h">
      <Filter>Header Files</Filter>
    </ClInclude>
    <ClInclude Include="DlgEditBoardCorner.h">
      <Filter>Header Files</Filter>
    </ClInclude>
    <ClInclude Include="DlgEditNet.h">
      <Filter>Header Files</Filter>
    </ClInclude>
    <ClInclude Include="DlgExportDsn.h">
      <Filter>Header Files</Filter>
    </ClInclude>
    <ClInclude Include="DlgFindPart.h">
      <Filter>Header Files</Filter>
    </ClInclude>
    <ClInclude Include="DlgFpRefText.h">
      <Filter>Header Files</Filter>
    </ClInclude>
    <ClInclude Include="DlgFpText.h">
      <Filter>Header Files</Filter>
    </ClInclude>
    <ClInclude Include="DlgGlue.h">
      <Filter>Header Files</Filter>
    </ClInclude>
    <ClInclude Include="DlgGroupPaste.h">
      <Filter>Header Files</Filter>
    </ClInclude>
    <ClInclude Include="DlgImportFootprint.h">
      <Filter>Header Files</Filter>
    </ClInclude>
    <ClInclude Include="DlgImportOptions.h">
      <Filter>Header Files</Filter>
    </ClInclude>
    <ClInclude Include="DlgImportSes.h">
      <Filter>Header Files</Filter>
    </ClInclude>
    <ClInclude Include="DlgIndexing.h">
      <Filter>Header Files</Filter>
    </ClInclude>
    <ClInclude Include="DlgIvex.h">
      <Filter>Header Files</Filter>
    </ClInclude>
    <ClInclude Include="DlgLayers.h">
      <Filter>Header Files</Filter>
    </ClInclude>
    <ClInclude Include="DlgLibraryManager.h">
      <Filter>Header Files</Filter>
    </ClInclude>
    <ClInclude Include="DlgLog.h">
      <Filter>Header Files</Filter>
    </ClInclude>
    <ClInclude Include="DlgMoveOrigin.h">
      <Filter>Header Files</Filter>
    </ClInclude>
    <ClInclude Include="DlgMyMessageBox.h">
      <Filter>Header Files</Filter>
    </ClInclude>
    <ClInclude Include="DlgMyMessageBox2.h">
      <Filter>Header Files</Filter>
    </ClInclude>
    <ClInclude Include="DlgNetCombine.h">
      <Filter>Header Files</Filter>
    </ClInclude>
    <ClInclude Include="DlgNetlist.h">
      <Filter>Header Files</Filter>
    </ClInclude>
    <ClInclude Include="DlgPartlist.h">
      <Filter>Header Files</Filter>
    </ClInclude>
    <ClInclude Include="DlgProjectOptions.h">
      <Filter>Header Files</Filter>
    </ClInclude>
    <ClInclude Include="DlgReassignLayers.h">
      <Filter>Header Files</Filter>
    </ClInclude>
    <ClInclude Include="DlgRefText.h">
      <Filter>Header Files</Filter>
    </ClInclude>
    <ClInclude Include="DlgReport.h">
      <Filter>Header Files</Filter>
    </ClInclude>
    <ClInclude Include="DlgSaveFootprint.h">
      <Filter>Header Files</Filter>
    </ClInclude>
    <ClInclude Include="DlgSaveLib.h">
      <Filter>Header Files</Filter>
    </ClInclude>
    <ClInclude Include="DlgSetAreaHatch.h">
      <Filter>Header Files</Filter>
    </ClInclude>
    <ClInclude Include="DlgSetSegmentWidth.h">
      <Filter>Header Files</Filter>
    </ClInclude>
    <ClInclude Include="DlgSetTraceWidths.h">
      <Filter>Header Files</Filter>
    </ClInclude>
    <ClInclude Include="DlgShortcuts.h">
      <Filter>Header Files</Filter>
    </ClInclude>
    <ClInclude Include="DlgSideStyle.h">
      <Filter>Header Files</Filter>
    </ClInclude>
    <ClInclude Include="DlgSlot.h">
      <Filter>Header Files</Filter>
    </ClInclude>
    <ClInclude Include="DlgValueText.h">
      <Filter>Header Files</Filter>
    </ClInclude>
    <ClInclude Include="DlgVia.h">
      <Filter>Header Files</Filter>
    </ClInclude>
    <ClInclude Include="DlgWizQuad.h">
      <Filter>Header Files</Filter>
    </ClInclude>
    <ClInclude Include="file_io.h">
      <Filter>Header Files</Filter>
    </ClInclude>
    <ClInclude Include="FootprintLib.h">
      <Filter>Header Files</Filter>
    </ClInclude>
    <ClInclude Include="FootprintView.h">
      <Filter>Header Files</Filter>
    </ClInclude>
    <ClInclude Include="FreePcb.h">
      <Filter>Header Files</Filter>
    </ClInclude>
    <ClInclude Include="FreePcbDoc.h">
      <Filter>Header Files</Filter>
    </ClInclude>
    <ClInclude Include="FreePcbView.h">
      <Filter>Header Files</Filter>
    </ClInclude>
    <ClInclude Include="Gerber.h">
      <Filter>Header Files</Filter>
    </ClInclude>
    <ClInclude Include="gpc_232.h">
      <Filter>Header Files</Filter>
    </ClInclude>
    <ClInclude Include="ids.h">
      <Filter>Header Files</Filter>
    </ClInclude>
    <ClInclude Include="ivex_mod_file.h">
      <Filter>Header Files</Filter>
    </ClInclude>
    <ClInclude Include="layers.h">
      <Filter>Header Files</Filter>
    </ClInclude>
    <ClInclude Include="LinkList.h">
      <Filter>Header Files</Filter>
    </ClInclude>
    <ClInclude Include="MainFrm.h">
      <Filter>Header Files</Filter>
    </ClInclude>
    <ClInclude Include="MyToolBar.h">
      <Filter>Header Files</Filter>
    </ClInclude>
    <ClInclude Include="NetList.h">
      <Filter>Header Files</Filter>
    </ClInclude>
    <ClInclude Include="PartList.h">
      <Filter>Header Files</Filter>
    </ClInclude>
    <ClInclude Include="PathDialog.h">
      <Filter>Header Files</Filter>
    </ClInclude>
    <ClInclude Include="php_polygon.h">
      <Filter>Header Files</Filter>
    </ClInclude>
    <ClInclude Include="php_polygon_vertex.h">
      <Filter>Header Files</Filter>
    </ClInclude>
    <ClInclude Include="QAFDebug.h">
      <Filter>Header Files</Filter>
    </ClInclude>
    <ClInclude Include="resource1.h">
      <Filter>Header Files</Filter>
    </ClInclude>
    <ClInclude Include="RTcall.h">
      <Filter>Header Files</Filter>
    </ClInclude>
    <ClInclude Include="Shape.h">
      <Filter>Header Files</Filter>
    </ClInclude>
    <ClInclude Include="smcharacter.h">
      <Filter>Header Files</Filter>
    </ClInclude>
    <ClInclude Include="smfontutil.h">
      <Filter>Header Files</Filter>
    </ClInclude>
    <ClInclude Include="StdAfx.h">
      <Filter>Header Files</Filter>
    </ClInclude>
    <ClInclude Include="TextList.h">
      <Filter>Header Files</Filter>
    </ClInclude>
    <ClInclude Include="UndoList.h">
      <Filter>Header Files</Filter>
    </ClInclude>
    <ClInclude Include="utility.h">
      <Filter>Header Files</Filter>
    </ClInclude>
    <ClInclude Include="DlgAddMerge.h">
      <Filter>Header Files</Filter>
    </ClInclude>
    <ClInclude Include="Merge.h">
      <Filter>Header Files</Filter>
    </ClInclude>
    <ClInclude Include="PolyLine.h">
      <Filter>Header Files</Filter>
    </ClInclude>
    <ClInclude Include="resource.h">
      <Filter>Header Files</Filter>
    </ClInclude>
  </ItemGroup>
  <ItemGroup>
    <ResourceCompile Include="FreePcb.rc">
      <Filter>Source Files</Filter>
    </ResourceCompile>
  </ItemGroup>
  <ItemGroup>
    <None Include="res\bga.bmp">
      <Filter>Resource Files</Filter>
    </None>
    <None Include="res\bitmap_d.bmp">
      <Filter>Resource Files</Filter>
    </None>
    <None Include="res\edge.bmp">
      <Filter>Resource Files</Filter>
    </None>
    <None Include="res\edge2.bmp">
      <Filter>Resource Files</Filter>
    </None>
    <None Include="res\FreePcb.ico">
      <Filter>Resource Files</Filter>
    </None>
    <None Include="res\FreePcb.rc2">
      <Filter>Resource Files</Filter>
    </None>
    <None Include="res\FreePcbDoc.ico">
      <Filter>Resource Files</Filter>
    </None>
    <None Include="res\header.bmp">
      <Filter>Resource Files</Filter>
    </None>
    <None Include="res\header2.bmp">
      <Filter>Resource Files</Filter>
    </None>
    <None Include="res\icon1.ico">
      <Filter>Resource Files</Filter>
    </None>
    <None Include="res\icon2.ico">
      <Filter>Resource Files</Filter>
    </None>
    <None Include="res\MyToolbar.bmp">
      <Filter>Resource Files</Filter>
    </None>
    <None Include="res\quad.bmp">
      <Filter>Resource Files</Filter>
    </None>
    <None Include="res\sip.bmp">
      <Filter>Resource Files</Filter>
    </None>
    <None Include="res\SMT dip.bmp">
      <Filter>Resource Files</Filter>
    </None>
    <None Include="res\Toolbar.bmp">
      <Filter>Resource Files</Filter>
    </None>
    <None Include="changelog.txt" />
    <None Include="FreePCB_release_notes.txt" />
    <None Include="FreePCB_todo_list.txt" />
    <None Include="notes.txt" />
    <None Include="ClassDiagram1.cd" />
    <None Include="default_font.txt" />
    <None Include="resource.hm">
      <Filter>Header Files</Filter>
    </None>
  </ItemGroup>
</Project>